<?xml version="1.0" encoding="utf-8"?>
<Project ToolsVersion="4.0" xmlns="http://schemas.microsoft.com/developer/msbuild/2003">
  <ItemGroup>
    <Filter Include="Header Files">
      <UniqueIdentifier>{93995380-89BD-4b04-88EB-625FBE52EBFB}</UniqueIdentifier>
      <Extensions>h;hpp;hxx;hm;inl;inc;xsd</Extensions>
    </Filter>
    <Filter Include="Resource Files">
      <UniqueIdentifier>{67DA6AB6-F800-4c08-8B7A-83BB121AAD01}</UniqueIdentifier>
      <Extensions>rc;ico;cur;bmp;dlg;rc2;rct;bin;rgs;gif;jpg;jpeg;jpe;resx;tiff;tif;png;wav</Extensions>
    </Filter>
    <Filter Include="Source Files">
      <UniqueIdentifier>{4FC737F1-C7A5-4376-A066-2A32D752A2FF}</UniqueIdentifier>
      <Extensions>cpp;c;cc;cxx;def;odl;idl;hpj;bat;asm;asmx</Extensions>
    </Filter>
    <Filter Include="Source Files\Demos">
      <UniqueIdentifier>{43825ca5-b5e1-402d-a57a-be1b7f41d1ae}</UniqueIdentifier>
    </Filter>
    <Filter Include="Source Files\Framework">
      <UniqueIdentifier>{82649680-6f01-4f4b-9016-33d2f9930b72}</UniqueIdentifier>
    </Filter>
    <Filter Include="Header Files\Framework">
      <UniqueIdentifier>{4e4a6a07-d337-42ef-975e-413637bbb864}</UniqueIdentifier>
    </Filter>
    <Filter Include="Header Files\Demos">
      <UniqueIdentifier>{4af3086a-f0ad-4421-8647-84b711bdf81f}</UniqueIdentifier>
    </Filter>
    <Filter Include="Header Files\More advanced demos">
      <UniqueIdentifier>{e38293cc-3428-43ad-958b-907f28db06b8}</UniqueIdentifier>
    </Filter>
    <Filter Include="Source Files\More advanced demos">
      <UniqueIdentifier>{427592e9-3a23-441e-8895-59b91fa3c6af}</UniqueIdentifier>
    </Filter>
  </ItemGroup>
  <ItemGroup>
    <ClInclude Include="header.h">
      <Filter>Header Files</Filter>
    </ClInclude>
    <ClInclude Include="BaseEngine.h">
      <Filter>Header Files\Framework</Filter>
    </ClInclude>
    <ClInclude Include="DisplayableObject.h">
      <Filter>Header Files\Framework</Filter>
    </ClInclude>
    <ClInclude Include="FontManager.h">
      <Filter>Header Files\Framework</Filter>
    </ClInclude>
    <ClInclude Include="TileManager.h">
      <Filter>Header Files\Framework</Filter>
    </ClInclude>
    <ClInclude Include="BouncingBall.h">
      <Filter>Header Files\Demos</Filter>
    </ClInclude>
    <ClInclude Include="BouncingBallMain.h">
      <Filter>Header Files\Demos</Filter>
    </ClInclude>
    <ClInclude Include="SimpleDemo.h">
      <Filter>Header Files\Demos</Filter>
    </ClInclude>
    <ClInclude Include="MazeDemoMain.h">
      <Filter>Header Files\Demos</Filter>
    </ClInclude>
    <ClInclude Include="MazeDemoObject.h">
      <Filter>Header Files\Demos</Filter>
    </ClInclude>
    <ClInclude Include="MazeDemoTileManager.h">
      <Filter>Header Files\Demos</Filter>
    </ClInclude>
    <ClInclude Include="DisplayableObjectContainer.h">
      <Filter>Header Files\Framework</Filter>
    </ClInclude>
    <ClInclude Include="ImageManager.h">
      <Filter>Header Files\Framework</Filter>
    </ClInclude>
    <ClInclude Include="SimpleImage.h">
      <Filter>Header Files\Framework</Filter>
    </ClInclude>
    <ClInclude Include="UtilMovementPosition.h">
      <Filter>Header Files\Framework</Filter>
    </ClInclude>
    <ClInclude Include="UtilCollisionDetection.h">
      <Filter>Header Files\Framework</Filter>
    </ClInclude>
    <ClInclude Include="ExampleObjects.h">
      <Filter>Header Files\Demos</Filter>
    </ClInclude>
    <ClInclude Include="ImagePixelMapping.h">
      <Filter>Header Files\Framework</Filter>
    </ClInclude>
    <ClInclude Include="UtilDragAlignment.h">
      <Filter>Header Files\Framework</Filter>
    </ClInclude>
    <ClInclude Include="DrawingSurface.h">
      <Filter>Header Files\Framework</Filter>
    </ClInclude>
    <ClInclude Include="FilterPoints.h">
      <Filter>Header Files\Framework</Filter>
    </ClInclude>
    <ClInclude Include="RawImageData.h">
      <Filter>Header Files\Framework</Filter>
    </ClInclude>
    <ClInclude Include="UtilCachedSimpleTrig.h">
      <Filter>Header Files\Framework</Filter>
    </ClInclude>
    <ClInclude Include="DraggingDemo.h">
      <Filter>Header Files\More advanced demos</Filter>
    </ClInclude>
    <ClInclude Include="FlashingDemo.h">
      <Filter>Header Files\More advanced demos</Filter>
    </ClInclude>
    <ClInclude Include="ImageMappingDemo.h">
      <Filter>Header Files\More advanced demos</Filter>
    </ClInclude>
    <ClInclude Include="SimpleFlashingDragableImageObject.h">
      <Filter>Header Files\More advanced demos</Filter>
    </ClInclude>
    <ClInclude Include="StarfieldDemo.h">
      <Filter>Header Files\More advanced demos</Filter>
    </ClInclude>
    <ClInclude Include="ZoomingDemo.h">
      <Filter>Header Files\More advanced demos</Filter>
    </ClInclude>
    <ClInclude Include="ExampleDragableObjects.h">
      <Filter>Header Files\More advanced demos</Filter>
    </ClInclude>
    <ClInclude Include="ExampleFilterPointClasses.h">
      <Filter>Header Files\More advanced demos</Filter>
    </ClInclude>
    <ClInclude Include="MyDemoA.h">
      <Filter>Header Files</Filter>
    </ClInclude>
    <ClInclude Include="MyTileManager.h">
      <Filter>Header Files</Filter>
    </ClInclude>
    <ClInclude Include="MyObjectB.h">
      <Filter>Header Files</Filter>
    </ClInclude>
    <ClInclude Include="Scyzc3Engine.h">
      <Filter>Header Files</Filter>
    </ClInclude>
    <ClInclude Include="Scyzc3Object.h">
      <Filter>Header Files</Filter>
    </ClInclude>
    <ClInclude Include="Scyzc3TileManager.h">
      <Filter>Header Files</Filter>
    </ClInclude>
    <ClInclude Include="State.h">
      <Filter>Header Files</Filter>
    </ClInclude>
    <ClInclude Include="RunningState.h">
      <Filter>Header Files</Filter>
    </ClInclude>
    <ClInclude Include="StartUpState.h">
      <Filter>Header Files</Filter>
    </ClInclude>
    <ClInclude Include="bullet.h">
      <Filter>Header Files</Filter>
    </ClInclude>
    <ClInclude Include="HelpState.h">
      <Filter>Header Files</Filter>
    </ClInclude>
    <ClInclude Include="ChooseState.h">
      <Filter>Header Files</Filter>
    </ClInclude>
    <ClInclude Include="SaveState.h">
      <Filter>Header Files</Filter>
    </ClInclude>
    <ClInclude Include="LoadState.h">
      <Filter>Header Files</Filter>
    </ClInclude>
    <ClInclude Include="WinState.h">
      <Filter>Header Files</Filter>
    </ClInclude>
    <ClInclude Include="MovingPokemon.h">
      <Filter>Header Files</Filter>
    </ClInclude>
    <ClInclude Include="ScoreState.h">
      <Filter>Header Files</Filter>
    </ClInclude>
    <ClInclude Include="Scyzc3FilterPoints.h">
      <Filter>Header Files</Filter>
    </ClInclude>
    <ClInclude Include="Scyzc3ImagePixelMapping.h">
      <Filter>Header Files</Filter>
    </ClInclude>
    <ClInclude Include="MovingPokemon2.h">
      <Filter>Header Files</Filter>
    </ClInclude>
    <ClInclude Include="Bgm.h">
      <Filter>Header Files</Filter>
    </ClInclude>
  </ItemGroup>
  <ItemGroup>
    <ClCompile Include="mainfunction.cpp">
      <Filter>Source Files</Filter>
    </ClCompile>
    <ClCompile Include="BaseEngine.cpp">
      <Filter>Source Files\Framework</Filter>
    </ClCompile>
    <ClCompile Include="DisplayableObject.cpp">
      <Filter>Source Files\Framework</Filter>
    </ClCompile>
    <ClCompile Include="FontManager.cpp">
      <Filter>Source Files\Framework</Filter>
    </ClCompile>
    <ClCompile Include="TileManager.cpp">
      <Filter>Source Files\Framework</Filter>
    </ClCompile>
    <ClCompile Include="BouncingBall.cpp">
      <Filter>Source Files\Demos</Filter>
    </ClCompile>
    <ClCompile Include="BouncingBallMain.cpp">
      <Filter>Source Files\Demos</Filter>
    </ClCompile>
    <ClCompile Include="SimpleDemo.cpp">
      <Filter>Source Files\Demos</Filter>
    </ClCompile>
    <ClCompile Include="MazeDemoObject.cpp">
      <Filter>Source Files\Demos</Filter>
    </ClCompile>
    <ClCompile Include="MazeDemoMain.cpp">
      <Filter>Source Files\Demos</Filter>
    </ClCompile>
    <ClCompile Include="MazeDemoTileManager.cpp">
      <Filter>Source Files\Demos</Filter>
    </ClCompile>
    <ClCompile Include="SimpleImage.cpp">
      <Filter>Source Files\Framework</Filter>
    </ClCompile>
    <ClCompile Include="DrawingSurface.cpp">
      <Filter>Source Files\Framework</Filter>
    </ClCompile>
    <ClCompile Include="DraggingDemo.cpp">
      <Filter>Source Files\More advanced demos</Filter>
    </ClCompile>
    <ClCompile Include="FlashingDemo.cpp">
      <Filter>Source Files\More advanced demos</Filter>
    </ClCompile>
    <ClCompile Include="ImageMappingDemo.cpp">
      <Filter>Source Files\More advanced demos</Filter>
    </ClCompile>
    <ClCompile Include="StarfieldDemo.cpp">
      <Filter>Source Files\More advanced demos</Filter>
    </ClCompile>
    <ClCompile Include="ZoomingDemo.cpp">
      <Filter>Source Files\More advanced demos</Filter>
    </ClCompile>
    <ClCompile Include="MyDemoA.cpp">
      <Filter>Source Files</Filter>
    </ClCompile>
    <ClCompile Include="MyTileManager.cpp">
      <Filter>Source Files</Filter>
    </ClCompile>
    <ClCompile Include="MyObjectB.cpp">
      <Filter>Source Files</Filter>
    </ClCompile>
    <ClCompile Include="Scyzc3Engine.cpp">
      <Filter>Source Files</Filter>
    </ClCompile>
    <ClCompile Include="Scyzc3Object.cpp">
      <Filter>Source Files</Filter>
    </ClCompile>
    <ClCompile Include="Scyzc3TileManager.cpp">
      <Filter>Source Files</Filter>
    </ClCompile>
    <ClCompile Include="RunningState.cpp">
      <Filter>Source Files</Filter>
    </ClCompile>
    <ClCompile Include="StartUpState.cpp">
      <Filter>Source Files</Filter>
    </ClCompile>
    <ClCompile Include="bullet.cpp">
      <Filter>Source Files</Filter>
    </ClCompile>
    <ClCompile Include="HelpState.cpp">
      <Filter>Source Files</Filter>
    </ClCompile>
    <ClCompile Include="ChooseState.cpp">
      <Filter>Source Files</Filter>
    </ClCompile>
    <ClCompile Include="SaveState.cpp">
      <Filter>Source Files</Filter>
    </ClCompile>
    <ClCompile Include="LoadState.cpp">
      <Filter>Source Files</Filter>
    </ClCompile>
    <ClCompile Include="WinState.cpp">
      <Filter>Source Files</Filter>
    </ClCompile>
    <ClCompile Include="MovingPokemon.cpp">
      <Filter>Source Files</Filter>
    </ClCompile>
    <ClCompile Include="ScoreState.cpp">
      <Filter>Source Files</Filter>
    </ClCompile>
    <ClCompile Include="MovingPokemon2.cpp">
      <Filter>Source Files</Filter>
    </ClCompile>
    <ClCompile Include="Bgm.cpp">
      <Filter>Source Files</Filter>
    </ClCompile>
  </ItemGroup>
</Project>